
Microsoft Visual Studio Solution File, Format Version 12.00
# Visual Studio Version 16
VisualStudioVersion = 16.0.32413.511
MinimumVisualStudioVersion = 10.0.40219.1
Project("{FAE04EC0-301F-11D3-BF4B-00C04F79EFBC}") = "WebAPI", "WebAPI\WebAPI.csproj", "{BFBFC322-29C5-4319-B1C4-9FDEABBF9196}"
EndProject
Global
	GlobalSection(SolutionConfigurationPlatforms) = preSolution
		Debug|Any CPU = Debug|Any CPU
		Release|Any CPU = Release|Any CPU
	EndGlobalSection
	GlobalSection(ProjectConfigurationPlatforms) = postSolution
		{BFBFC322-29C5-4319-B1C4-9FDEABBF9196}.Debug|Any CPU.ActiveCfg = Debug|Any CPU
		{BFBFC322-29C5-4319-B1C4-9FDEABBF9196}.Debug|Any CPU.Build.0 = Debug|Any CPU
		{BFBFC322-29C5-4319-B1C4-9FDEABBF9196}.Release|Any CPU.ActiveCfg = Release|Any CPU
		{BFBFC322-29C5-4319-B1C4-9FDEABBF9196}.Release|Any CPU.Build.0 = Release|Any CPU
	EndGlobalSection
	GlobalSection(SolutionProperties) = preSolution
		HideSolutionNode = FALSE
	EndGlobalSection
	GlobalSection(ExtensibilityGlobals) = postSolution
		SolutionGuid = {5E8997C0-29BC-43B1-8850-96F66CDF66CE}
	EndGlobalSection
EndGlobal
